# THIS IS AN AUTOGENERATED FILE. DO NOT EDIT THIS FILE DIRECTLY.
# yarn lockfile v1


"@types/pdfjs-dist@^0.1.2":
  version "0.1.2"
  resolved "http://registry.npm.taobao.org/@types/pdfjs-dist/download/@types/pdfjs-dist-0.1.2.tgz#91a28961916deab21745482bb26242005fb5b7c7"
  integrity sha1-kaKJYZFt6rIXRUgrsmJCAF+1t8c=

ajv-keywords@^3.1.0:
  version "3.2.0"
  resolved "http://registry.npm.taobao.org/ajv-keywords/download/ajv-keywords-3.2.0.tgz#e86b819c602cf8821ad637413698f1dec021847a"
  integrity sha1-6GuBnGAs+IIa1jdBNpjx3sAhhHo=

ajv@^6.1.0:
  version "6.6.1"
  resolved "http://registry.npm.taobao.org/ajv/download/ajv-6.6.1.tgz#6360f5ed0d80f232cc2b294c362d5dc2e538dd61"
  integrity sha1-Y2D17Q2A8jLMKylMNi1dwuU43WE=
  dependencies:
    fast-deep-equal "^2.0.1"
    fast-json-stable-stringify "^2.0.0"
    json-schema-traverse "^0.4.1"
    uri-js "^4.2.2"

big.js@^3.1.3:
  version "3.2.0"
  resolved "http://registry.npm.taobao.org/big.js/download/big.js-3.2.0.tgz#a5fc298b81b9e0dca2e458824784b65c52ba588e"
  integrity sha1-pfwpi4G54Nyi5FiCR4S2XFK6WI4=

emojis-list@^2.0.0:
  version "2.1.0"
  resolved "http://registry.npm.taobao.org/emojis-list/download/emojis-list-2.1.0.tgz#4daa4d9db00f9819880c79fa457ae5b09a1fd389"
  integrity sha1-TapNnbAPmBmIDHn6RXrlsJof04k=

fast-deep-equal@^2.0.1:
  version "2.0.1"
  resolved "http://registry.npm.taobao.org/fast-deep-equal/download/fast-deep-equal-2.0.1.tgz#7b05218ddf9667bf7f370bf7fdb2cb15fdd0aa49"
  integrity sha1-ewUhjd+WZ79/Nwv3/bLLFf3Qqkk=

fast-json-stable-stringify@^2.0.0:
  version "2.0.0"
  resolved "http://registry.npm.taobao.org/fast-json-stable-stringify/download/fast-json-stable-stringify-2.0.0.tgz#d5142c0caee6b1189f87d3a76111064f86c8bbf2"
  integrity sha1-1RQsDK7msRifh9OnYREGT4bIu/I=

json-schema-traverse@^0.4.1:
  version "0.4.1"
  resolved "http://registry.npm.taobao.org/json-schema-traverse/download/json-schema-traverse-0.4.1.tgz#69f6a87d9513ab8bb8fe63bdb0979c448e684660"
  integrity sha1-afaofZUTq4u4/mO9sJecRI5oRmA=

json5@^0.5.0:
  version "0.5.1"
  resolved "http://registry.npm.taobao.org/json5/download/json5-0.5.1.tgz#1eade7acc012034ad84e2396767ead9fa5495821"
  integrity sha1-Hq3nrMASA0rYTiOWdn6tn6VJWCE=

loader-utils@^1.0.0:
  version "1.1.0"
  resolved "http://registry.npm.taobao.org/loader-utils/download/loader-utils-1.1.0.tgz#c98aef488bcceda2ffb5e2de646d6a754429f5cd"
  integrity sha1-yYrvSIvM7aL/teLeZG1qdUQp9c0=
  dependencies:
    big.js "^3.1.3"
    emojis-list "^2.0.0"
    json5 "^0.5.0"

node-ensure@^0.0.0:
  version "0.0.0"
  resolved "http://registry.npm.taobao.org/node-ensure/download/node-ensure-0.0.0.tgz#ecae764150de99861ec5c810fd5d096b183932a7"
  integrity sha1-7K52QVDemYYexcgQ/V0Jaxg5Mqc=

pdfjs-dist@^2.0.943:
  version "2.0.943"
  resolved "http://registry.npm.taobao.org/pdfjs-dist/download/pdfjs-dist-2.0.943.tgz#32fb9a2d863df5a1d89521a0b3cd900c16e7edde"
  integrity sha1-MvuaLYY99aHYlSGgs82QDBbn7d4=
  dependencies:
    node-ensure "^0.0.0"
    worker-loader "^2.0.0"

punycode@^2.1.0:
  version "2.1.1"
  resolved "http://registry.npm.taobao.org/punycode/download/punycode-2.1.1.tgz#b58b010ac40c22c5657616c8d2c2c02c7bf479ec"
  integrity sha1-tYsBCsQMIsVldhbI0sLALHv0eew=

schema-utils@^0.4.0:
  version "0.4.7"
  resolved "http://registry.npm.taobao.org/schema-utils/download/schema-utils-0.4.7.tgz#ba74f597d2be2ea880131746ee17d0a093c68187"
  integrity sha1-unT1l9K+LqiAExdG7hfQoJPGgYc=
  dependencies:
    ajv "^6.1.0"
    ajv-keywords "^3.1.0"

typescript@^3.0.0:
  version "3.2.2"
  resolved "http://registry.npm.taobao.org/typescript/download/typescript-3.2.2.tgz#fe8101c46aa123f8353523ebdcf5730c2ae493e5"
  integrity sha1-/oEBxGqhI/g1NSPr3PVzDCrkk+U=

uri-js@^4.2.2:
  version "4.2.2"
  resolved "http://registry.npm.taobao.org/uri-js/download/uri-js-4.2.2.tgz#94c540e1ff772956e2299507c010aea6c8838eb0"
  integrity sha1-lMVA4f93KVbiKZUHwBCupsiDjrA=
  dependencies:
    punycode "^2.1.0"

worker-loader@^2.0.0:
  version "2.0.0"
  resolved "http://registry.npm.taobao.org/worker-loader/download/worker-loader-2.0.0.tgz#45fda3ef76aca815771a89107399ee4119b430ac"
  integrity sha1-Rf2j73asqBV3GokQc5nuQRm0MKw=
  dependencies:
    loader-utils "^1.0.0"
    schema-utils "^0.4.0"
